# THIS IS AN AUTOGENERATED FILE. DO NOT EDIT THIS FILE DIRECTLY.
# yarn lockfile v1


"@capacitor/android@latest":
  version "1.2.0"
  resolved "https://registry.yarnpkg.com/@capacitor/android/-/android-1.2.0.tgz#11cb2c54ce57b0650f3911721a788e6441b1e1db"
  integrity sha512-z72KMq8FrvUvy4t9Sx0y08OBwxE+0O5b925x31k9AooGjxJltLT6E1HrT4AS0ti6ofK0X6EdfZSVRTefBpdbaw==

"@capacitor/core@latest":
  version "1.2.0"
  resolved "https://registry.yarnpkg.com/@capacitor/core/-/core-1.2.0.tgz#4812bae77f48f58023ff197b49fea7940403a0ff"
  integrity sha512-K6viZ4XjhK6wNnfIGcyfod6nOd2OqIamWkFp6La6Ob5IrWG7Zxa3q1V98X081GvTxMmSeHFwz3ophaGN2IbzCA==
  dependencies:
    tslib "^1.9.0"

"@capacitor/ios@latest":
  version "1.2.0"
  resolved "https://registry.yarnpkg.com/@capacitor/ios/-/ios-1.2.0.tgz#fbec11fc1c00d569d884e7fa03630b35498135c7"
  integrity sha512-LPe1Abix3caFX25zsRIUOWHGfCQuCoGo4pWWg78AD/1pjILNd3+uzD29pMvPwC1NsgwnZrm+nnYcUl1KSRLVpQ==

tslib@^1.9.0:
  version "1.10.0"
  resolved "https://registry.yarnpkg.com/tslib/-/tslib-1.10.0.tgz#c3c19f95973fb0a62973fb09d90d961ee43e5c8a"
  integrity sha512-qOebF53frne81cf0S9B41ByenJ3/IuH8yJKngAX35CmiZySA0khhkovshKK+jGCaMnVomla7gVlIcc3EvKPbTQ==

typescript@^3.2.4:
  version "3.6.3"
  resolved "https://registry.yarnpkg.com/typescript/-/typescript-3.6.3.tgz#fea942fabb20f7e1ca7164ff626f1a9f3f70b4da"
  integrity sha512-N7bceJL1CtRQ2RiG0AQME13ksR7DiuQh/QehubYcghzv20tnh+MQnQIuJddTmsbqYj+dztchykemz0zFzlvdQw==
