# THIS IS AN AUTOGENERATED FILE. DO NOT EDIT THIS FILE DIRECTLY.
# yarn lockfile v1


"@capacitor/android@3.0.0-beta.3":
  version "3.0.0-beta.3"
  resolved "https://registry.yarnpkg.com/@capacitor/android/-/android-3.0.0-beta.3.tgz#50e7f2255cd736f3c2ae1366f0f213f27aa31972"
  integrity sha512-wHaRK2O9J1YhIxb4JD2uNbQ84Fq5qGMW0+eadBxBB81OIV9MX+7MEqmIyCUHfu8SMegDYCk1uBiB9mJxkxdImg==

"@capacitor/core@3.0.0-beta.3":
  version "3.0.0-beta.3"
  resolved "https://registry.yarnpkg.com/@capacitor/core/-/core-3.0.0-beta.3.tgz#a2bcdd5f7524aae05e70c5bcc7542761964a6ba9"
  integrity sha512-RhNmwj5ERMUNQKdK1xXC9d3jhQ2IrBUAn8NMvWUOS/dR+wWyUjmwFFk6jRYaJQuxQOHWoffjIjSmefldyKqR+g==
  dependencies:
    tslib "^2.1.0"

"@capacitor/ios@3.0.0-beta.3":
  version "3.0.0-beta.3"
  resolved "https://registry.yarnpkg.com/@capacitor/ios/-/ios-3.0.0-beta.3.tgz#4973b683b346434cfd5e9ced859eb60053d5a64b"
  integrity sha512-4MKs/h0exw2hPYa58p/kIlUqI7Ug64eZ/j1HpbCCalonx2JJbRQThT7K0jtUrFbySHToMPGf84SK6m7oWEW9hQ==

tslib@^2.1.0:
  version "2.1.0"
  resolved "https://registry.yarnpkg.com/tslib/-/tslib-2.1.0.tgz#da60860f1c2ecaa5703ab7d39bc05b6bf988b97a"
  integrity sha512-hcVC3wYEziELGGmEEXue7D75zbwIIVUMWAVbHItGPx0ziyXxrOMQx4rQEVEV45Ut/1IotuEvwqPopzIOkDMf0A==

typescript@^4.2.3:
  version "4.2.3"
  resolved "https://registry.yarnpkg.com/typescript/-/typescript-4.2.3.tgz#39062d8019912d43726298f09493d598048c1ce3"
  integrity sha512-qOcYwxaByStAWrBf4x0fibwZvMRG+r4cQoTjbPtUlrWjBHbmCAww1i448U0GJ+3cNNEtebDteo/cHOR3xJ4wEw==
